
Microsoft Visual Studio Solution File, Format Version 12.00
# Visual Studio Version 16
VisualStudioVersion = 16.0.29911.84
MinimumVisualStudioVersion = 10.0.40219.1
Project("{9A19103F-16F7-4668-BE54-9A1E7A4F7556}") = "Math_Module_Test", "Math_Module_Test\Math_Module_Test.csproj", "{CA859437-B94A-4BC6-BD9F-B5EE5C45DAE5}"
EndProject
Project("{FAE04EC0-301F-11D3-BF4B-00C04F79EFBC}") = "External module", "..\External module\External module\External module\External module.csproj", "{4CBACE95-4260-4E3D-9A8E-98ACAD4E54FF}"
EndProject
Project("{9A19103F-16F7-4668-BE54-9A1E7A4F7556}") = "Math_Module", "Math_Module\Math_Module.csproj", "{D98971B3-18DB-4C19-A700-8A2ED2745722}"
EndProject
Global
	GlobalSection(SolutionConfigurationPlatforms) = preSolution
		Debug|Any CPU = Debug|Any CPU
		Debug|ARM = Debug|ARM
		Debug|ARM64 = Debug|ARM64
		Debug|x64 = Debug|x64
		Debug|x86 = Debug|x86
		Release|Any CPU = Release|Any CPU
		Release|ARM = Release|ARM
		Release|ARM64 = Release|ARM64
		Release|x64 = Release|x64
		Release|x86 = Release|x86
	EndGlobalSection
	GlobalSection(ProjectConfigurationPlatforms) = postSolution
		{CA859437-B94A-4BC6-BD9F-B5EE5C45DAE5}.Debug|Any CPU.ActiveCfg = Debug|Any CPU
		{CA859437-B94A-4BC6-BD9F-B5EE5C45DAE5}.Debug|Any CPU.Build.0 = Debug|Any CPU
		{CA859437-B94A-4BC6-BD9F-B5EE5C45DAE5}.Debug|ARM.ActiveCfg = Debug|Any CPU
		{CA859437-B94A-4BC6-BD9F-B5EE5C45DAE5}.Debug|ARM.Build.0 = Debug|Any CPU
		{CA859437-B94A-4BC6-BD9F-B5EE5C45DAE5}.Debug|ARM64.ActiveCfg = Debug|Any CPU
		{CA859437-B94A-4BC6-BD9F-B5EE5C45DAE5}.Debug|ARM64.Build.0 = Debug|Any CPU
		{CA859437-B94A-4BC6-BD9F-B5EE5C45DAE5}.Debug|x64.ActiveCfg = Debug|Any CPU
		{CA859437-B94A-4BC6-BD9F-B5EE5C45DAE5}.Debug|x64.Build.0 = Debug|Any CPU
		{CA859437-B94A-4BC6-BD9F-B5EE5C45DAE5}.Debug|x86.ActiveCfg = Debug|Any CPU
		{CA859437-B94A-4BC6-BD9F-B5EE5C45DAE5}.Debug|x86.Build.0 = Debug|Any CPU
		{CA859437-B94A-4BC6-BD9F-B5EE5C45DAE5}.Release|Any CPU.ActiveCfg = Release|Any CPU
		{CA859437-B94A-4BC6-BD9F-B5EE5C45DAE5}.Release|Any CPU.Build.0 = Release|Any CPU
		{CA859437-B94A-4BC6-BD9F-B5EE5C45DAE5}.Release|ARM.ActiveCfg = Release|Any CPU
		{CA859437-B94A-4BC6-BD9F-B5EE5C45DAE5}.Release|ARM.Build.0 = Release|Any CPU
		{CA859437-B94A-4BC6-BD9F-B5EE5C45DAE5}.Release|ARM64.ActiveCfg = Release|Any CPU
		{CA859437-B94A-4BC6-BD9F-B5EE5C45DAE5}.Release|ARM64.Build.0 = Release|Any CPU
		{CA859437-B94A-4BC6-BD9F-B5EE5C45DAE5}.Release|x64.ActiveCfg = Release|Any CPU
		{CA859437-B94A-4BC6-BD9F-B5EE5C45DAE5}.Release|x64.Build.0 = Release|Any CPU
		{CA859437-B94A-4BC6-BD9F-B5EE5C45DAE5}.Release|x86.ActiveCfg = Release|Any CPU
		{CA859437-B94A-4BC6-BD9F-B5EE5C45DAE5}.Release|x86.Build.0 = Release|Any CPU
		{4CBACE95-4260-4E3D-9A8E-98ACAD4E54FF}.Debug|Any CPU.ActiveCfg = Debug|Any CPU
		{4CBACE95-4260-4E3D-9A8E-98ACAD4E54FF}.Debug|Any CPU.Build.0 = Debug|Any CPU
		{4CBACE95-4260-4E3D-9A8E-98ACAD4E54FF}.Debug|ARM.ActiveCfg = Debug|Any CPU
		{4CBACE95-4260-4E3D-9A8E-98ACAD4E54FF}.Debug|ARM.Build.0 = Debug|Any CPU
		{4CBACE95-4260-4E3D-9A8E-98ACAD4E54FF}.Debug|ARM64.ActiveCfg = Debug|Any CPU
		{4CBACE95-4260-4E3D-9A8E-98ACAD4E54FF}.Debug|ARM64.Build.0 = Debug|Any CPU
		{4CBACE95-4260-4E3D-9A8E-98ACAD4E54FF}.Debug|x64.ActiveCfg = Debug|Any CPU
		{4CBACE95-4260-4E3D-9A8E-98ACAD4E54FF}.Debug|x64.Build.0 = Debug|Any CPU
		{4CBACE95-4260-4E3D-9A8E-98ACAD4E54FF}.Debug|x86.ActiveCfg = Debug|Any CPU
		{4CBACE95-4260-4E3D-9A8E-98ACAD4E54FF}.Debug|x86.Build.0 = Debug|Any CPU
		{4CBACE95-4260-4E3D-9A8E-98ACAD4E54FF}.Release|Any CPU.ActiveCfg = Release|Any CPU
		{4CBACE95-4260-4E3D-9A8E-98ACAD4E54FF}.Release|Any CPU.Build.0 = Release|Any CPU
		{4CBACE95-4260-4E3D-9A8E-98ACAD4E54FF}.Release|ARM.ActiveCfg = Release|Any CPU
		{4CBACE95-4260-4E3D-9A8E-98ACAD4E54FF}.Release|ARM.Build.0 = Release|Any CPU
		{4CBACE95-4260-4E3D-9A8E-98ACAD4E54FF}.Release|ARM64.ActiveCfg = Release|Any CPU
		{4CBACE95-4260-4E3D-9A8E-98ACAD4E54FF}.Release|ARM64.Build.0 = Release|Any CPU
		{4CBACE95-4260-4E3D-9A8E-98ACAD4E54FF}.Release|x64.ActiveCfg = Release|Any CPU
		{4CBACE95-4260-4E3D-9A8E-98ACAD4E54FF}.Release|x64.Build.0 = Release|Any CPU
		{4CBACE95-4260-4E3D-9A8E-98ACAD4E54FF}.Release|x86.ActiveCfg = Release|Any CPU
		{4CBACE95-4260-4E3D-9A8E-98ACAD4E54FF}.Release|x86.Build.0 = Release|Any CPU
		{D98971B3-18DB-4C19-A700-8A2ED2745722}.Debug|Any CPU.ActiveCfg = Debug|Any CPU
		{D98971B3-18DB-4C19-A700-8A2ED2745722}.Debug|Any CPU.Build.0 = Debug|Any CPU
		{D98971B3-18DB-4C19-A700-8A2ED2745722}.Debug|ARM.ActiveCfg = Debug|Any CPU
		{D98971B3-18DB-4C19-A700-8A2ED2745722}.Debug|ARM.Build.0 = Debug|Any CPU
		{D98971B3-18DB-4C19-A700-8A2ED2745722}.Debug|ARM64.ActiveCfg = Debug|Any CPU
		{D98971B3-18DB-4C19-A700-8A2ED2745722}.Debug|ARM64.Build.0 = Debug|Any CPU
		{D98971B3-18DB-4C19-A700-8A2ED2745722}.Debug|x64.ActiveCfg = Debug|Any CPU
		{D98971B3-18DB-4C19-A700-8A2ED2745722}.Debug|x64.Build.0 = Debug|Any CPU
		{D98971B3-18DB-4C19-A700-8A2ED2745722}.Debug|x86.ActiveCfg = Debug|Any CPU
		{D98971B3-18DB-4C19-A700-8A2ED2745722}.Debug|x86.Build.0 = Debug|Any CPU
		{D98971B3-18DB-4C19-A700-8A2ED2745722}.Release|Any CPU.ActiveCfg = Release|Any CPU
		{D98971B3-18DB-4C19-A700-8A2ED2745722}.Release|Any CPU.Build.0 = Release|Any CPU
		{D98971B3-18DB-4C19-A700-8A2ED2745722}.Release|ARM.ActiveCfg = Release|Any CPU
		{D98971B3-18DB-4C19-A700-8A2ED2745722}.Release|ARM.Build.0 = Release|Any CPU
		{D98971B3-18DB-4C19-A700-8A2ED2745722}.Release|ARM64.ActiveCfg = Release|Any CPU
		{D98971B3-18DB-4C19-A700-8A2ED2745722}.Release|ARM64.Build.0 = Release|Any CPU
		{D98971B3-18DB-4C19-A700-8A2ED2745722}.Release|x64.ActiveCfg = Release|Any CPU
		{D98971B3-18DB-4C19-A700-8A2ED2745722}.Release|x64.Build.0 = Release|Any CPU
		{D98971B3-18DB-4C19-A700-8A2ED2745722}.Release|x86.ActiveCfg = Release|Any CPU
		{D98971B3-18DB-4C19-A700-8A2ED2745722}.Release|x86.Build.0 = Release|Any CPU
	EndGlobalSection
	GlobalSection(SolutionProperties) = preSolution
		HideSolutionNode = FALSE
	EndGlobalSection
	GlobalSection(ExtensibilityGlobals) = postSolution
		SolutionGuid = {560BAB2D-7509-4175-9804-7E216C44FDDD}
	EndGlobalSection
EndGlobal
