
Microsoft Visual Studio Solution File, Format Version 12.00
# Visual Studio 15
VisualStudioVersion = 15.0.28307.572
MinimumVisualStudioVersion = 10.0.40219.1
Project("{FAE04EC0-301F-11D3-BF4B-00C04F79EFBC}") = "Math_Module", "Math_Module\Math_Module.csproj", "{33FF082D-B55D-4634-823D-3B9BB791A6C6}"
EndProject
Project("{FAE04EC0-301F-11D3-BF4B-00C04F79EFBC}") = "Math_Module_Test", "Math_Module_Test\Math_Module_Test.csproj", "{CA859437-B94A-4BC6-BD9F-B5EE5C45DAE5}"
EndProject
Global
	GlobalSection(SolutionConfigurationPlatforms) = preSolution
		Debug|Any CPU = Debug|Any CPU
		Debug|ARM = Debug|ARM
		Debug|ARM64 = Debug|ARM64
		Debug|x64 = Debug|x64
		Debug|x86 = Debug|x86
		Release|Any CPU = Release|Any CPU
		Release|ARM = Release|ARM
		Release|ARM64 = Release|ARM64
		Release|x64 = Release|x64
		Release|x86 = Release|x86
	EndGlobalSection
	GlobalSection(ProjectConfigurationPlatforms) = postSolution
		{33FF082D-B55D-4634-823D-3B9BB791A6C6}.Debug|Any CPU.ActiveCfg = Debug|Any CPU
		{33FF082D-B55D-4634-823D-3B9BB791A6C6}.Debug|Any CPU.Build.0 = Debug|Any CPU
		{33FF082D-B55D-4634-823D-3B9BB791A6C6}.Debug|ARM.ActiveCfg = Debug|ARM
		{33FF082D-B55D-4634-823D-3B9BB791A6C6}.Debug|ARM.Build.0 = Debug|ARM
		{33FF082D-B55D-4634-823D-3B9BB791A6C6}.Debug|ARM64.ActiveCfg = Debug|ARM64
		{33FF082D-B55D-4634-823D-3B9BB791A6C6}.Debug|ARM64.Build.0 = Debug|ARM64
		{33FF082D-B55D-4634-823D-3B9BB791A6C6}.Debug|x64.ActiveCfg = Debug|x64
		{33FF082D-B55D-4634-823D-3B9BB791A6C6}.Debug|x64.Build.0 = Debug|x64
		{33FF082D-B55D-4634-823D-3B9BB791A6C6}.Debug|x86.ActiveCfg = Debug|x86
		{33FF082D-B55D-4634-823D-3B9BB791A6C6}.Debug|x86.Build.0 = Debug|x86
		{33FF082D-B55D-4634-823D-3B9BB791A6C6}.Release|Any CPU.ActiveCfg = Release|Any CPU
		{33FF082D-B55D-4634-823D-3B9BB791A6C6}.Release|Any CPU.Build.0 = Release|Any CPU
		{33FF082D-B55D-4634-823D-3B9BB791A6C6}.Release|ARM.ActiveCfg = Release|ARM
		{33FF082D-B55D-4634-823D-3B9BB791A6C6}.Release|ARM.Build.0 = Release|ARM
		{33FF082D-B55D-4634-823D-3B9BB791A6C6}.Release|ARM64.ActiveCfg = Release|ARM64
		{33FF082D-B55D-4634-823D-3B9BB791A6C6}.Release|ARM64.Build.0 = Release|ARM64
		{33FF082D-B55D-4634-823D-3B9BB791A6C6}.Release|x64.ActiveCfg = Release|x64
		{33FF082D-B55D-4634-823D-3B9BB791A6C6}.Release|x64.Build.0 = Release|x64
		{33FF082D-B55D-4634-823D-3B9BB791A6C6}.Release|x86.ActiveCfg = Release|x86
		{33FF082D-B55D-4634-823D-3B9BB791A6C6}.Release|x86.Build.0 = Release|x86
		{CA859437-B94A-4BC6-BD9F-B5EE5C45DAE5}.Debug|Any CPU.ActiveCfg = Debug|Any CPU
		{CA859437-B94A-4BC6-BD9F-B5EE5C45DAE5}.Debug|Any CPU.Build.0 = Debug|Any CPU
		{CA859437-B94A-4BC6-BD9F-B5EE5C45DAE5}.Debug|ARM.ActiveCfg = Debug|Any CPU
		{CA859437-B94A-4BC6-BD9F-B5EE5C45DAE5}.Debug|ARM.Build.0 = Debug|Any CPU
		{CA859437-B94A-4BC6-BD9F-B5EE5C45DAE5}.Debug|ARM64.ActiveCfg = Debug|Any CPU
		{CA859437-B94A-4BC6-BD9F-B5EE5C45DAE5}.Debug|ARM64.Build.0 = Debug|Any CPU
		{CA859437-B94A-4BC6-BD9F-B5EE5C45DAE5}.Debug|x64.ActiveCfg = Debug|Any CPU
		{CA859437-B94A-4BC6-BD9F-B5EE5C45DAE5}.Debug|x64.Build.0 = Debug|Any CPU
		{CA859437-B94A-4BC6-BD9F-B5EE5C45DAE5}.Debug|x86.ActiveCfg = Debug|Any CPU
		{CA859437-B94A-4BC6-BD9F-B5EE5C45DAE5}.Debug|x86.Build.0 = Debug|Any CPU
		{CA859437-B94A-4BC6-BD9F-B5EE5C45DAE5}.Release|Any CPU.ActiveCfg = Release|Any CPU
		{CA859437-B94A-4BC6-BD9F-B5EE5C45DAE5}.Release|Any CPU.Build.0 = Release|Any CPU
		{CA859437-B94A-4BC6-BD9F-B5EE5C45DAE5}.Release|ARM.ActiveCfg = Release|Any CPU
		{CA859437-B94A-4BC6-BD9F-B5EE5C45DAE5}.Release|ARM.Build.0 = Release|Any CPU
		{CA859437-B94A-4BC6-BD9F-B5EE5C45DAE5}.Release|ARM64.ActiveCfg = Release|Any CPU
		{CA859437-B94A-4BC6-BD9F-B5EE5C45DAE5}.Release|ARM64.Build.0 = Release|Any CPU
		{CA859437-B94A-4BC6-BD9F-B5EE5C45DAE5}.Release|x64.ActiveCfg = Release|Any CPU
		{CA859437-B94A-4BC6-BD9F-B5EE5C45DAE5}.Release|x64.Build.0 = Release|Any CPU
		{CA859437-B94A-4BC6-BD9F-B5EE5C45DAE5}.Release|x86.ActiveCfg = Release|Any CPU
		{CA859437-B94A-4BC6-BD9F-B5EE5C45DAE5}.Release|x86.Build.0 = Release|Any CPU
	EndGlobalSection
	GlobalSection(SolutionProperties) = preSolution
		HideSolutionNode = FALSE
	EndGlobalSection
	GlobalSection(ExtensibilityGlobals) = postSolution
		SolutionGuid = {560BAB2D-7509-4175-9804-7E216C44FDDD}
	EndGlobalSection
EndGlobal
