
Microsoft Visual Studio Solution File, Format Version 12.00
# Visual Studio Version 16
VisualStudioVersion = 16.0.29911.84
MinimumVisualStudioVersion = 10.0.40219.1
Project("{9A19103F-16F7-4668-BE54-9A1E7A4F7556}") = "External module", "External module\External module.csproj", "{4B1F166B-A124-4369-B184-5FAA179BD863}"
EndProject
Project("{9A19103F-16F7-4668-BE54-9A1E7A4F7556}") = "External_Controller", "External_Controller\External_Controller.csproj", "{A21E9193-497B-427D-B577-253269EBA429}"
EndProject
Project("{9A19103F-16F7-4668-BE54-9A1E7A4F7556}") = "Interpretation_Controller", "Interpretation_Controller\Interpretation_Controller.csproj", "{149C5D40-2730-42BB-9D54-307BC74CF28A}"
EndProject
Project("{9A19103F-16F7-4668-BE54-9A1E7A4F7556}") = "Math_Module", "Math_Module\Math_Module.csproj", "{9CD7E66B-A2F0-419C-B75A-C390F1F9CAA2}"
EndProject
Project("{9A19103F-16F7-4668-BE54-9A1E7A4F7556}") = "Math_Module_Test", "Math_Module_Test\Math_Module_Test.csproj", "{82BF74C4-E1F1-4C76-AA97-2153781C96DE}"
EndProject
Global
	GlobalSection(SolutionConfigurationPlatforms) = preSolution
		Debug|Any CPU = Debug|Any CPU
		Release|Any CPU = Release|Any CPU
	EndGlobalSection
	GlobalSection(ProjectConfigurationPlatforms) = postSolution
		{4B1F166B-A124-4369-B184-5FAA179BD863}.Debug|Any CPU.ActiveCfg = Debug|Any CPU
		{4B1F166B-A124-4369-B184-5FAA179BD863}.Debug|Any CPU.Build.0 = Debug|Any CPU
		{4B1F166B-A124-4369-B184-5FAA179BD863}.Release|Any CPU.ActiveCfg = Release|Any CPU
		{4B1F166B-A124-4369-B184-5FAA179BD863}.Release|Any CPU.Build.0 = Release|Any CPU
		{A21E9193-497B-427D-B577-253269EBA429}.Debug|Any CPU.ActiveCfg = Debug|Any CPU
		{A21E9193-497B-427D-B577-253269EBA429}.Debug|Any CPU.Build.0 = Debug|Any CPU
		{A21E9193-497B-427D-B577-253269EBA429}.Release|Any CPU.ActiveCfg = Release|Any CPU
		{A21E9193-497B-427D-B577-253269EBA429}.Release|Any CPU.Build.0 = Release|Any CPU
		{149C5D40-2730-42BB-9D54-307BC74CF28A}.Debug|Any CPU.ActiveCfg = Debug|Any CPU
		{149C5D40-2730-42BB-9D54-307BC74CF28A}.Debug|Any CPU.Build.0 = Debug|Any CPU
		{149C5D40-2730-42BB-9D54-307BC74CF28A}.Release|Any CPU.ActiveCfg = Release|Any CPU
		{149C5D40-2730-42BB-9D54-307BC74CF28A}.Release|Any CPU.Build.0 = Release|Any CPU
		{9CD7E66B-A2F0-419C-B75A-C390F1F9CAA2}.Debug|Any CPU.ActiveCfg = Debug|Any CPU
		{9CD7E66B-A2F0-419C-B75A-C390F1F9CAA2}.Debug|Any CPU.Build.0 = Debug|Any CPU
		{9CD7E66B-A2F0-419C-B75A-C390F1F9CAA2}.Release|Any CPU.ActiveCfg = Release|Any CPU
		{9CD7E66B-A2F0-419C-B75A-C390F1F9CAA2}.Release|Any CPU.Build.0 = Release|Any CPU
		{82BF74C4-E1F1-4C76-AA97-2153781C96DE}.Debug|Any CPU.ActiveCfg = Debug|Any CPU
		{82BF74C4-E1F1-4C76-AA97-2153781C96DE}.Debug|Any CPU.Build.0 = Debug|Any CPU
		{82BF74C4-E1F1-4C76-AA97-2153781C96DE}.Release|Any CPU.ActiveCfg = Release|Any CPU
		{82BF74C4-E1F1-4C76-AA97-2153781C96DE}.Release|Any CPU.Build.0 = Release|Any CPU
	EndGlobalSection
	GlobalSection(SolutionProperties) = preSolution
		HideSolutionNode = FALSE
	EndGlobalSection
	GlobalSection(ExtensibilityGlobals) = postSolution
		SolutionGuid = {4C6B18C7-EE5B-467F-AF32-748D3D0ADF28}
	EndGlobalSection
EndGlobal
