
Microsoft Visual Studio Solution File, Format Version 12.00
# Visual Studio Version 16
VisualStudioVersion = 16.0.29911.84
MinimumVisualStudioVersion = 10.0.40219.1
Project("{9A19103F-16F7-4668-BE54-9A1E7A4F7556}") = "External module", "External module\External module.csproj", "{4B1F166B-A124-4369-B184-5FAA179BD863}"
EndProject
Project("{FAE04EC0-301F-11D3-BF4B-00C04F79EFBC}") = "External_Controller", "External_Controller\External_Controller.csproj", "{340CCE16-2C7D-4A7A-B518-A921C8A6B704}"
EndProject
Project("{FAE04EC0-301F-11D3-BF4B-00C04F79EFBC}") = "Interpretation_Controller", "Interpretation_Controller\Interpretation_Controller.csproj", "{B2FC53A8-ADD4-4D9C-9899-7EDBB740446A}"
EndProject
Project("{FAE04EC0-301F-11D3-BF4B-00C04F79EFBC}") = "Math_Module", "Math_Module\Math_Module.csproj", "{E6411574-44F7-42E1-A8D5-2F6E819D95D6}"
EndProject
Project("{FAE04EC0-301F-11D3-BF4B-00C04F79EFBC}") = "Math_Module_Test", "Math_Module_Test\Math_Module_Test.csproj", "{7B90BDB8-258F-46C5-89D8-97329606894D}"
EndProject
Global
	GlobalSection(SolutionConfigurationPlatforms) = preSolution
		Debug|Any CPU = Debug|Any CPU
		Release|Any CPU = Release|Any CPU
	EndGlobalSection
	GlobalSection(ProjectConfigurationPlatforms) = postSolution
		{4B1F166B-A124-4369-B184-5FAA179BD863}.Debug|Any CPU.ActiveCfg = Debug|Any CPU
		{4B1F166B-A124-4369-B184-5FAA179BD863}.Debug|Any CPU.Build.0 = Debug|Any CPU
		{4B1F166B-A124-4369-B184-5FAA179BD863}.Release|Any CPU.ActiveCfg = Release|Any CPU
		{4B1F166B-A124-4369-B184-5FAA179BD863}.Release|Any CPU.Build.0 = Release|Any CPU
		{340CCE16-2C7D-4A7A-B518-A921C8A6B704}.Debug|Any CPU.ActiveCfg = Debug|Any CPU
		{340CCE16-2C7D-4A7A-B518-A921C8A6B704}.Debug|Any CPU.Build.0 = Debug|Any CPU
		{340CCE16-2C7D-4A7A-B518-A921C8A6B704}.Release|Any CPU.ActiveCfg = Release|Any CPU
		{340CCE16-2C7D-4A7A-B518-A921C8A6B704}.Release|Any CPU.Build.0 = Release|Any CPU
		{B2FC53A8-ADD4-4D9C-9899-7EDBB740446A}.Debug|Any CPU.ActiveCfg = Debug|Any CPU
		{B2FC53A8-ADD4-4D9C-9899-7EDBB740446A}.Debug|Any CPU.Build.0 = Debug|Any CPU
		{B2FC53A8-ADD4-4D9C-9899-7EDBB740446A}.Release|Any CPU.ActiveCfg = Release|Any CPU
		{B2FC53A8-ADD4-4D9C-9899-7EDBB740446A}.Release|Any CPU.Build.0 = Release|Any CPU
		{E6411574-44F7-42E1-A8D5-2F6E819D95D6}.Debug|Any CPU.ActiveCfg = Debug|Any CPU
		{E6411574-44F7-42E1-A8D5-2F6E819D95D6}.Debug|Any CPU.Build.0 = Debug|Any CPU
		{E6411574-44F7-42E1-A8D5-2F6E819D95D6}.Release|Any CPU.ActiveCfg = Release|Any CPU
		{E6411574-44F7-42E1-A8D5-2F6E819D95D6}.Release|Any CPU.Build.0 = Release|Any CPU
		{7B90BDB8-258F-46C5-89D8-97329606894D}.Debug|Any CPU.ActiveCfg = Debug|Any CPU
		{7B90BDB8-258F-46C5-89D8-97329606894D}.Debug|Any CPU.Build.0 = Debug|Any CPU
		{7B90BDB8-258F-46C5-89D8-97329606894D}.Release|Any CPU.ActiveCfg = Release|Any CPU
		{7B90BDB8-258F-46C5-89D8-97329606894D}.Release|Any CPU.Build.0 = Release|Any CPU
	EndGlobalSection
	GlobalSection(SolutionProperties) = preSolution
		HideSolutionNode = FALSE
	EndGlobalSection
	GlobalSection(ExtensibilityGlobals) = postSolution
		SolutionGuid = {4C6B18C7-EE5B-467F-AF32-748D3D0ADF28}
	EndGlobalSection
EndGlobal
