
Microsoft Visual Studio Solution File, Format Version 12.00
# Visual Studio Version 16
VisualStudioVersion = 16.0.29911.84
MinimumVisualStudioVersion = 10.0.40219.1
Project("{9A19103F-16F7-4668-BE54-9A1E7A4F7556}") = "External module", "External module\External module.csproj", "{4B1F166B-A124-4369-B184-5FAA179BD863}"
EndProject
Project("{9A19103F-16F7-4668-BE54-9A1E7A4F7556}") = "External_Controller", "External_Controller\External_Controller.csproj", "{EDB96C4D-6D3A-4919-9D99-8470BD98B04D}"
EndProject
Project("{9A19103F-16F7-4668-BE54-9A1E7A4F7556}") = "Interpretation_Controller", "Interpretation_Controller\Interpretation_Controller.csproj", "{459CFFE0-F4D4-40C0-8D5A-80D11C758BD2}"
EndProject
Project("{9A19103F-16F7-4668-BE54-9A1E7A4F7556}") = "Math_Module", "Math_Module\Math_Module.csproj", "{C575F555-5F1E-4CB8-A5AB-3289D8F6FD4B}"
EndProject
Project("{9A19103F-16F7-4668-BE54-9A1E7A4F7556}") = "Math_Module_Test", "Math_Module_Test\Math_Module_Test.csproj", "{710B7A71-831C-4903-9DE7-178099F9179B}"
EndProject
Project("{FAE04EC0-301F-11D3-BF4B-00C04F79EFBC}") = "Visual_Module", "Visual_Module\Visual_Module.csproj", "{427B1408-D6A1-46D3-AAD5-F06C43968889}"
EndProject
Global
	GlobalSection(SolutionConfigurationPlatforms) = preSolution
		Debug|Any CPU = Debug|Any CPU
		Release|Any CPU = Release|Any CPU
	EndGlobalSection
	GlobalSection(ProjectConfigurationPlatforms) = postSolution
		{4B1F166B-A124-4369-B184-5FAA179BD863}.Debug|Any CPU.ActiveCfg = Debug|Any CPU
		{4B1F166B-A124-4369-B184-5FAA179BD863}.Debug|Any CPU.Build.0 = Debug|Any CPU
		{4B1F166B-A124-4369-B184-5FAA179BD863}.Release|Any CPU.ActiveCfg = Release|Any CPU
		{4B1F166B-A124-4369-B184-5FAA179BD863}.Release|Any CPU.Build.0 = Release|Any CPU
		{EDB96C4D-6D3A-4919-9D99-8470BD98B04D}.Debug|Any CPU.ActiveCfg = Debug|Any CPU
		{EDB96C4D-6D3A-4919-9D99-8470BD98B04D}.Debug|Any CPU.Build.0 = Debug|Any CPU
		{EDB96C4D-6D3A-4919-9D99-8470BD98B04D}.Release|Any CPU.ActiveCfg = Release|Any CPU
		{EDB96C4D-6D3A-4919-9D99-8470BD98B04D}.Release|Any CPU.Build.0 = Release|Any CPU
		{459CFFE0-F4D4-40C0-8D5A-80D11C758BD2}.Debug|Any CPU.ActiveCfg = Debug|Any CPU
		{459CFFE0-F4D4-40C0-8D5A-80D11C758BD2}.Debug|Any CPU.Build.0 = Debug|Any CPU
		{459CFFE0-F4D4-40C0-8D5A-80D11C758BD2}.Release|Any CPU.ActiveCfg = Release|Any CPU
		{459CFFE0-F4D4-40C0-8D5A-80D11C758BD2}.Release|Any CPU.Build.0 = Release|Any CPU
		{C575F555-5F1E-4CB8-A5AB-3289D8F6FD4B}.Debug|Any CPU.ActiveCfg = Debug|Any CPU
		{C575F555-5F1E-4CB8-A5AB-3289D8F6FD4B}.Debug|Any CPU.Build.0 = Debug|Any CPU
		{C575F555-5F1E-4CB8-A5AB-3289D8F6FD4B}.Release|Any CPU.ActiveCfg = Release|Any CPU
		{C575F555-5F1E-4CB8-A5AB-3289D8F6FD4B}.Release|Any CPU.Build.0 = Release|Any CPU
		{710B7A71-831C-4903-9DE7-178099F9179B}.Debug|Any CPU.ActiveCfg = Debug|Any CPU
		{710B7A71-831C-4903-9DE7-178099F9179B}.Debug|Any CPU.Build.0 = Debug|Any CPU
		{710B7A71-831C-4903-9DE7-178099F9179B}.Release|Any CPU.ActiveCfg = Release|Any CPU
		{710B7A71-831C-4903-9DE7-178099F9179B}.Release|Any CPU.Build.0 = Release|Any CPU
		{427B1408-D6A1-46D3-AAD5-F06C43968889}.Debug|Any CPU.ActiveCfg = Debug|Any CPU
		{427B1408-D6A1-46D3-AAD5-F06C43968889}.Debug|Any CPU.Build.0 = Debug|Any CPU
		{427B1408-D6A1-46D3-AAD5-F06C43968889}.Release|Any CPU.ActiveCfg = Release|Any CPU
		{427B1408-D6A1-46D3-AAD5-F06C43968889}.Release|Any CPU.Build.0 = Release|Any CPU
	EndGlobalSection
	GlobalSection(SolutionProperties) = preSolution
		HideSolutionNode = FALSE
	EndGlobalSection
	GlobalSection(ExtensibilityGlobals) = postSolution
		SolutionGuid = {4C6B18C7-EE5B-467F-AF32-748D3D0ADF28}
	EndGlobalSection
EndGlobal
